
Microsoft Visual Studio Solution File, Format Version 12.00
# Visual Studio Version 17
VisualStudioVersion = 17.11.35208.52
MinimumVisualStudioVersion = 10.0.40219.1
Project("{FAE04EC0-301F-11D3-BF4B-00C04F79EFBC}") = "Ysh.Excel", "Ysh.Excel\Ysh.Excel.csproj", "{64129FBC-570E-4030-9EE5-87161594C2E8}"
EndProject
Project("{FAE04EC0-301F-11D3-BF4B-00C04F79EFBC}") = "Ysh.Web.Excel", "Ysh.Web.Excel\Ysh.Web.Excel.csproj", "{A146F393-D0BA-4770-926D-F34570D8176B}"
EndProject
Global
	GlobalSection(SolutionConfigurationPlatforms) = preSolution
		Debug|Any CPU = Debug|Any CPU
		Release|Any CPU = Release|Any CPU
	EndGlobalSection
	GlobalSection(ProjectConfigurationPlatforms) = postSolution
		{64129FBC-570E-4030-9EE5-87161594C2E8}.Debug|Any CPU.ActiveCfg = Debug|Any CPU
		{64129FBC-570E-4030-9EE5-87161594C2E8}.Debug|Any CPU.Build.0 = Debug|Any CPU
		{64129FBC-570E-4030-9EE5-87161594C2E8}.Release|Any CPU.ActiveCfg = Release|Any CPU
		{64129FBC-570E-4030-9EE5-87161594C2E8}.Release|Any CPU.Build.0 = Release|Any CPU
		{A146F393-D0BA-4770-926D-F34570D8176B}.Debug|Any CPU.ActiveCfg = Debug|Any CPU
		{A146F393-D0BA-4770-926D-F34570D8176B}.Debug|Any CPU.Build.0 = Debug|Any CPU
		{A146F393-D0BA-4770-926D-F34570D8176B}.Release|Any CPU.ActiveCfg = Release|Any CPU
		{A146F393-D0BA-4770-926D-F34570D8176B}.Release|Any CPU.Build.0 = Release|Any CPU
	EndGlobalSection
	GlobalSection(SolutionProperties) = preSolution
		HideSolutionNode = FALSE
	EndGlobalSection
	GlobalSection(ExtensibilityGlobals) = postSolution
		SolutionGuid = {C99D275E-D32C-48A1-A6AB-9F8B165583AF}
	EndGlobalSection
EndGlobal
